
Microsoft Visual Studio Solution File, Format Version 12.00
# Visual Studio 2013
VisualStudioVersion = 12.0.21005.1
MinimumVisualStudioVersion = 10.0.40219.1
Project("{FAE04EC0-301F-11D3-BF4B-00C04F79EFBC}") = "Utilities", "Utilities\Utilities.csproj", "{052A66AD-92FD-47D6-BDC8-74AD02630F48}"
EndProject
Project("{FAE04EC0-301F-11D3-BF4B-00C04F79EFBC}") = "UtilTest", "UtilTest\UtilTest.csproj", "{DC310F86-F0FC-4DE2-870F-EE246465A7DA}"
EndProject
Global
	GlobalSection(SolutionConfigurationPlatforms) = preSolution
		Debug|Any CPU = Debug|Any CPU
		Release|Any CPU = Release|Any CPU
	EndGlobalSection
	GlobalSection(ProjectConfigurationPlatforms) = postSolution
		{052A66AD-92FD-47D6-BDC8-74AD02630F48}.Debug|Any CPU.ActiveCfg = Debug|Any CPU
		{052A66AD-92FD-47D6-BDC8-74AD02630F48}.Debug|Any CPU.Build.0 = Debug|Any CPU
		{052A66AD-92FD-47D6-BDC8-74AD02630F48}.Release|Any CPU.ActiveCfg = Release|Any CPU
		{052A66AD-92FD-47D6-BDC8-74AD02630F48}.Release|Any CPU.Build.0 = Release|Any CPU
		{DC310F86-F0FC-4DE2-870F-EE246465A7DA}.Debug|Any CPU.ActiveCfg = Debug|Any CPU
		{DC310F86-F0FC-4DE2-870F-EE246465A7DA}.Debug|Any CPU.Build.0 = Debug|Any CPU
		{DC310F86-F0FC-4DE2-870F-EE246465A7DA}.Release|Any CPU.ActiveCfg = Release|Any CPU
		{DC310F86-F0FC-4DE2-870F-EE246465A7DA}.Release|Any CPU.Build.0 = Release|Any CPU
	EndGlobalSection
	GlobalSection(SolutionProperties) = preSolution
		HideSolutionNode = FALSE
	EndGlobalSection
EndGlobal
